// !$*UTF8*$!
{
	archiveVersion = 1;
	classes = {
	};
	objectVersion = 46;
	objects = {

/* Begin PBXBuildFile section */
		A97D1FF440AAF91A46441278 /* Pods_Project_04___Tip_Calculator.framework in Frameworks */ = {isa = PBXBuildFile; fileRef = B7415B2686F7CB40E671E845 /* Pods_Project_04___Tip_Calculator.framework */; };
		AFADA1781EE9690D0089D7F3 /* AppDelegate.swift in Sources */ = {isa = PBXBuildFile; fileRef = AFADA1771EE9690D0089D7F3 /* AppDelegate.swift */; };
		AFADA17A1EE9690D0089D7F3 /* ViewController.swift in Sources */ = {isa = PBXBuildFile; fileRef = AFADA1791EE9690D0089D7F3 /* ViewController.swift */; };
		AFADA17D1EE9690D0089D7F3 /* Main.storyboard in Resources */ = {isa = PBXBuildFile; fileRef = AFADA17B1EE9690D0089D7F3 /* Main.storyboard */; };
		AFADA17F1EE9690D0089D7F3 /* Assets.xcassets in Resources */ = {isa = PBXBuildFile; fileRef = AFADA17E1EE9690D0089D7F3 /* Assets.xcassets */; };
		AFADA1821EE9690D0089D7F3 /* LaunchScreen.storyboard in Resources */ = {isa = PBXBuildFile; fileRef = AFADA1801EE9690D0089D7F3 /* LaunchScreen.storyboard */; };
/* End PBXBuildFile section */

/* Begin PBXFileReference section */
		76454F9E7307F5A63C0F14B7 /* Pods-Project 04 - Tip Calculator.debug.xcconfig */ = {isa = PBXFileReference; includeInIndex = 1; lastKnownFileType = text.xcconfig; name = "Pods-Project 04 - Tip Calculator.debug.xcconfig"; path = "Pods/Target Support Files/Pods-Project 04 - Tip Calculator/Pods-Project 04 - Tip Calculator.debug.xcconfig"; sourceTree = "<group>"; };
		7CFDB9D508C00E42029AB99C /* Pods-Project 04 - Tip Calculator.release.xcconfig */ = {isa = PBXFileReference; includeInIndex = 1; lastKnownFileType = text.xcconfig; name = "Pods-Project 04 - Tip Calculator.release.xcconfig"; path = "Pods/Target Support Files/Pods-Project 04 - Tip Calculator/Pods-Project 04 - Tip Calculator.release.xcconfig"; sourceTree = "<group>"; };
		AFADA1741EE9690D0089D7F3 /* Project 04 - Tip Calculator.app */ = {isa = PBXFileReference; explicitFileType = wrapper.application; includeInIndex = 0; path = "Project 04 - Tip Calculator.app"; sourceTree = BUILT_PRODUCTS_DIR; };
		AFADA1771EE9690D0089D7F3 /* AppDelegate.swift */ = {isa = PBXFileReference; lastKnownFileType = sourcecode.swift; path = AppDelegate.swift; sourceTree = "<group>"; };
		AFADA1791EE9690D0089D7F3 /* ViewController.swift */ = {isa = PBXFileReference; lastKnownFileType = sourcecode.swift; path = ViewController.swift; sourceTree = "<group>"; };
		AFADA17C1EE9690D0089D7F3 /* Base */ = {isa = PBXFileReference; lastKnownFileType = file.storyboard; name = Base; path = Base.lproj/Main.storyboard; sourceTree = "<group>"; };
		AFADA17E1EE9690D0089D7F3 /* Assets.xcassets */ = {isa = PBXFileReference; lastKnownFileType = folder.assetcatalog; path = Assets.xcassets; sourceTree = "<group>"; };
		AFADA1811EE9690D0089D7F3 /* Base */ = {isa = PBXFileReference; lastKnownFileType = file.storyboard; name = Base; path = Base.lproj/LaunchScreen.storyboard; sourceTree = "<group>"; };
		AFADA1831EE9690D0089D7F3 /* Info.plist */ = {isa = PBXFileReference; lastKnownFileType = text.plist.xml; path = Info.plist; sourceTree = "<group>"; };
		B7415B2686F7CB40E671E845 /* Pods_Project_04___Tip_Calculator.framework */ = {isa = PBXFileReference; explicitFileType = wrapper.framework; includeInIndex = 0; path = Pods_Project_04___Tip_Calculator.framework; sourceTree = BUILT_PRODUCTS_DIR; };
/* End PBXFileReference section */

/* Begin PBXFrameworksBuildPhase section */
		AFADA1711EE9690D0089D7F3 /* Frameworks */ = {
			isa = PBXFrameworksBuildPhase;
			buildActionMask = 2147483647;
			files = (
				A97D1FF440AAF91A46441278 /* Pods_Project_04___Tip_Calculator.framework in Frameworks */,
			);
			runOnlyForDeploymentPostprocessing = 0;
		};
/* End PBXFrameworksBuildPhase section */

/* Begin PBXGroup section */
		AFADA16B1EE9690C0089D7F3 = {
			isa = PBXGroup;
			children = (
				AFADA1761EE9690D0089D7F3 /* Project 04 - Tip Calculator */,
				AFADA1751EE9690D0089D7F3 /* Products */,
				DDC94DA34E10F618DFDD1C9D /* Pods */,
				E39707F47CCB264A540265B5 /* Frameworks */,
			);
			sourceTree = "<group>";
		};
		AFADA1751EE9690D0089D7F3 /* Products */ = {
			isa = PBXGroup;
			children = (
				AFADA1741EE9690D0089D7F3 /* Project 04 - Tip Calculator.app */,
			);
			name = Products;
			sourceTree = "<group>";
		};
		AFADA1761EE9690D0089D7F3 /* Project 04 - Tip Calculator */ = {
			isa = PBXGroup;
			children = (
				AFADA1771EE9690D0089D7F3 /* AppDelegate.swift */,
				AFADA1791EE9690D0089D7F3 /* ViewController.swift */,
				AFADA17B1EE9690D0089D7F3 /* Main.storyboard */,
				AFADA17E1EE9690D0089D7F3 /* Assets.xcassets */,
				AFADA1801EE9690D0089D7F3 /* LaunchScreen.storyboard */,
				AFADA1831EE9690D0089D7F3 /* Info.plist */,
			);
			path = "Project 04 - Tip Calculator";
			sourceTree = "<group>";
		};
		DDC94DA34E10F618DFDD1C9D /* Pods */ = {
			isa = PBXGroup;
			children = (
				76454F9E7307F5A63C0F14B7 /* Pods-Project 04 - Tip Calculator.debug.xcconfig */,
				7CFDB9D508C00E42029AB99C /* Pods-Project 04 - Tip Calculator.release.xcconfig */,
			);
			name = Pods;
			sourceTree = "<group>";
		};
		E39707F47CCB264A540265B5 /* Frameworks */ = {
			isa = PBXGroup;
			children = (
				B7415B2686F7CB40E671E845 /* Pods_Project_04___Tip_Calculator.framework */,
			);
			name = Frameworks;
			sourceTree = "<group>";
		};
/* End PBXGroup section */

/* Begin PBXNativeTarget section */
		AFADA1731EE9690D0089D7F3 /* Project 04 - Tip Calculator */ = {
			isa = PBXNativeTarget;
			buildConfigurationList = AFADA1861EE9690D0089D7F3 /* Build configuration list for PBXNativeTarget "Project 04 - Tip Calculator" */;
			buildPhases = (
				48035C4EC571BBB7E3C2035C /* [CP] Check Pods Manifest.lock */,
				AFADA1701EE9690D0089D7F3 /* Sources */,
				AFADA1711EE9690D0089D7F3 /* Frameworks */,
				AFADA1721EE9690D0089D7F3 /* Resources */,
				BD715215ED016310478D09E2 /* [CP] Embed Pods Frameworks */,
				05232E8C948CDF7312F8CCD1 /* [CP] Copy Pods Resources */,
			);
			buildRules = (
			);
			dependencies = (
			);
			name = "Project 04 - Tip Calculator";
			productName = "Project 04 - Tip Calculator";
			productReference = AFADA1741EE9690D0089D7F3 /* Project 04 - Tip Calculator.app */;
			productType = "com.apple.product-type.application";
		};
/* End PBXNativeTarget section */

/* Begin PBXProject section */
		AFADA16C1EE9690C0089D7F3 /* Project object */ = {
			isa = PBXProject;
			attributes = {
				LastSwiftUpdateCheck = 0830;
				LastUpgradeCheck = 0830;
				ORGANIZATIONNAME = "海啸";
				TargetAttributes = {
					AFADA1731EE9690D0089D7F3 = {
						CreatedOnToolsVersion = 8.3.2;
						DevelopmentTeam = 8CJPZVXX3U;
						ProvisioningStyle = Automatic;
					};
				};
			};
			buildConfigurationList = AFADA16F1EE9690D0089D7F3 /* Build configuration list for PBXProject "Project 04 - Tip Calculator" */;
			compatibilityVersion = "Xcode 3.2";
			developmentRegion = English;
			hasScannedForEncodings = 0;
			knownRegions = (
				en,
				Base,
			);
			mainGroup = AFADA16B1EE9690C0089D7F3;
			productRefGroup = AFADA1751EE9690D0089D7F3 /* Products */;
			projectDirPath = "";
			projectRoot = "";
			targets = (
				AFADA1731EE9690D0089D7F3 /* Project 04 - Tip Calculator */,
			);
		};
/* End PBXProject section */

/* Begin PBXResourcesBuildPhase section */
		AFADA1721EE9690D0089D7F3 /* Resources */ = {
			isa = PBXResourcesBuildPhase;
			buildActionMask = 2147483647;
			files = (
				AFADA1821EE9690D0089D7F3 /* LaunchScreen.storyboard in Resources */,
				AFADA17F1EE9690D0089D7F3 /* Assets.xcassets in Resources */,
				AFADA17D1EE9690D0089D7F3 /* Main.storyboard in Resources */,
			);
			runOnlyForDeploymentPostprocessing = 0;
		};
/* End PBXResourcesBuildPhase section */

/* Begin PBXShellScriptBuildPhase section */
		05232E8C948CDF7312F8CCD1 /* [CP] Copy Pods Resources */ = {
			isa = PBXShellScriptBuildPhase;
			buildActionMask = 2147483647;
			files = (
			);
			inputPaths = (
			);
			name = "[CP] Copy Pods Resources";
			outputPaths = (
			);
			runOnlyForDeploymentPostprocessing = 0;
			shellPath = /bin/sh;
			shellScript = "\"${SRCROOT}/Pods/Target Support Files/Pods-Project 04 - Tip Calculator/Pods-Project 04 - Tip Calculator-resources.sh\"\n";
			showEnvVarsInLog = 0;
		};
		48035C4EC571BBB7E3C2035C /* [CP] Check Pods Manifest.lock */ = {
			isa = PBXShellScriptBuildPhase;
			buildActionMask = 2147483647;
			files = (
			);
			inputPaths = (
			);
			name = "[CP] Check Pods Manifest.lock";
			outputPaths = (
			);
			runOnlyForDeploymentPostprocessing = 0;
			shellPath = /bin/sh;
			shellScript = "diff \"${PODS_ROOT}/../Podfile.lock\" \"${PODS_ROOT}/Manifest.lock\" > /dev/null\nif [ $? != 0 ] ; then\n    # print error to STDERR\n    echo \"error: The sandbox is not in sync with the Podfile.lock. Run 'pod install' or update your CocoaPods installation.\" >&2\n    exit 1\nfi\n";
			showEnvVarsInLog = 0;
		};
		BD715215ED016310478D09E2 /* [CP] Embed Pods Frameworks */ = {
			isa = PBXShellScriptBuildPhase;
			buildActionMask = 2147483647;
			files = (
			);
			inputPaths = (
			);
			name = "[CP] Embed Pods Frameworks";
			outputPaths = (
			);
			runOnlyForDeploymentPostprocessing = 0;
			shellPath = /bin/sh;
			shellScript = "\"${SRCROOT}/Pods/Target Support Files/Pods-Project 04 - Tip Calculator/Pods-Project 04 - Tip Calculator-frameworks.sh\"\n";
			showEnvVarsInLog = 0;
		};
/* End PBXShellScriptBuildPhase section */

/* Begin PBXSourcesBuildPhase section */
		AFADA1701EE9690D0089D7F3 /* Sources */ = {
			isa = PBXSourcesBuildPhase;
			buildActionMask = 2147483647;
			files = (
				AFADA17A1EE9690D0089D7F3 /* ViewController.swift in Sources */,
				AFADA1781EE9690D0089D7F3 /* AppDelegate.swift in Sources */,
			);
			runOnlyForDeploymentPostprocessing = 0;
		};
/* End PBXSourcesBuildPhase section */

/* Begin PBXVariantGroup section */
		AFADA17B1EE9690D0089D7F3 /* Main.storyboard */ = {
			isa = PBXVariantGroup;
			children = (
				AFADA17C1EE9690D0089D7F3 /* Base */,
			);
			name = Main.storyboard;
			sourceTree = "<group>";
		};
		AFADA1801EE9690D0089D7F3 /* LaunchScreen.storyboard */ = {
			isa = PBXVariantGroup;
			children = (
				AFADA1811EE9690D0089D7F3 /* Base */,
			);
			name = LaunchScreen.storyboard;
			sourceTree = "<group>";
		};
/* End PBXVariantGroup section */

/* Begin XCBuildConfiguration section */
		AFADA1841EE9690D0089D7F3 /* Debug */ = {
			isa = XCBuildConfiguration;
			buildSettings = {
				ALWAYS_SEARCH_USER_PATHS = NO;
				CLANG_ANALYZER_NONNULL = YES;
				CLANG_ANALYZER_NUMBER_OBJECT_CONVERSION = YES_AGGRESSIVE;
				CLANG_CXX_LANGUAGE_STANDARD = "gnu++0x";
				CLANG_CXX_LIBRARY = "libc++";
				CLANG_ENABLE_MODULES = YES;
				CLANG_ENABLE_OBJC_ARC = YES;
				CLANG_WARN_BOOL_CONVERSION = YES;
				CLANG_WARN_CONSTANT_CONVERSION = YES;
				CLANG_WARN_DIRECT_OBJC_ISA_USAGE = YES_ERROR;
				CLANG_WARN_DOCUMENTATION_COMMENTS = YES;
				CLANG_WARN_EMPTY_BODY = YES;
				CLANG_WARN_ENUM_CONVERSION = YES;
				CLANG_WARN_INFINITE_RECURSION = YES;
				CLANG_WARN_INT_CONVERSION = YES;
				CLANG_WARN_OBJC_ROOT_CLASS = YES_ERROR;
				CLANG_WARN_SUSPICIOUS_MOVE = YES;
				CLANG_WARN_UNREACHABLE_CODE = YES;
				CLANG_WARN__DUPLICATE_METHOD_MATCH = YES;
				"CODE_SIGN_IDENTITY[sdk=iphoneos*]" = "iPhone Developer";
				COPY_PHASE_STRIP = NO;
				DEBUG_INFORMATION_FORMAT = dwarf;
				ENABLE_STRICT_OBJC_MSGSEND = YES;
				ENABLE_TESTABILITY = YES;
				GCC_C_LANGUAGE_STANDARD = gnu99;
				GCC_DYNAMIC_NO_PIC = NO;
				GCC_NO_COMMON_BLOCKS = YES;
				GCC_OPTIMIZATION_LEVEL = 0;
				GCC_PREPROCESSOR_DEFINITIONS = (
					"DEBUG=1",
					"$(inherited)",
				);
				GCC_WARN_64_TO_32_BIT_CONVERSION = YES;
				GCC_WARN_ABOUT_RETURN_TYPE = YES_ERROR;
				GCC_WARN_UNDECLARED_SELECTOR = YES;
				GCC_WARN_UNINITIALIZED_AUTOS = YES_AGGRESSIVE;
				GCC_WARN_UNUSED_FUNCTION = YES;
				GCC_WARN_UNUSED_VARIABLE = YES;
				IPHONEOS_DEPLOYMENT_TARGET = 10.3;
				MTL_ENABLE_DEBUG_INFO = YES;
				ONLY_ACTIVE_ARCH = YES;
				SDKROOT = iphoneos;
				SWIFT_ACTIVE_COMPILATION_CONDITIONS = DEBUG;
				SWIFT_OPTIMIZATION_LEVEL = "-Onone";
			};
			name = Debug;
		};
		AFADA1851EE9690D0089D7F3 /* Release */ = {
			isa = XCBuildConfiguration;
			buildSettings = {
				ALWAYS_SEARCH_USER_PATHS = NO;
				CLANG_ANALYZER_NONNULL = YES;
				CLANG_ANALYZER_NUMBER_OBJECT_CONVERSION = YES_AGGRESSIVE;
				CLANG_CXX_LANGUAGE_STANDARD = "gnu++0x";
				CLANG_CXX_LIBRARY = "libc++";
				CLANG_ENABLE_MODULES = YES;
				CLANG_ENABLE_OBJC_ARC = YES;
				CLANG_WARN_BOOL_CONVERSION = YES;
				CLANG_WARN_CONSTANT_CONVERSION = YES;
				CLANG_WARN_DIRECT_OBJC_ISA_USAGE = YES_ERROR;
				CLANG_WARN_DOCUMENTATION_COMMENTS = YES;
				CLANG_WARN_EMPTY_BODY = YES;
				CLANG_WARN_ENUM_CONVERSION = YES;
				CLANG_WARN_INFINITE_RECURSION = YES;
				CLANG_WARN_INT_CONVERSION = YES;
				CLANG_WARN_OBJC_ROOT_CLASS = YES_ERROR;
				CLANG_WARN_SUSPICIOUS_MOVE = YES;
				CLANG_WARN_UNREACHABLE_CODE = YES;
				CLANG_WARN__DUPLICATE_METHOD_MATCH = YES;
				"CODE_SIGN_IDENTITY[sdk=iphoneos*]" = "iPhone Developer";
				COPY_PHASE_STRIP = NO;
				DEBUG_INFORMATION_FORMAT = "dwarf-with-dsym";
				ENABLE_NS_ASSERTIONS = NO;
				ENABLE_STRICT_OBJC_MSGSEND = YES;
				GCC_C_LANGUAGE_STANDARD = gnu99;
				GCC_NO_COMMON_BLOCKS = YES;
				GCC_WARN_64_TO_32_BIT_CONVERSION = YES;
				GCC_WARN_ABOUT_RETURN_TYPE = YES_ERROR;
				GCC_WARN_UNDECLARED_SELECTOR = YES;
				GCC_WARN_UNINITIALIZED_AUTOS = YES_AGGRESSIVE;
				GCC_WARN_UNUSED_FUNCTION = YES;
				GCC_WARN_UNUSED_VARIABLE = YES;
				IPHONEOS_DEPLOYMENT_TARGET = 10.3;
				MTL_ENABLE_DEBUG_INFO = NO;
				SDKROOT = iphoneos;
				SWIFT_OPTIMIZATION_LEVEL = "-Owholemodule";
				VALIDATE_PRODUCT = YES;
			};
			name = Release;
		};
		AFADA1871EE9690D0089D7F3 /* Debug */ = {
			isa = XCBuildConfiguration;
			baseConfigurationReference = 76454F9E7307F5A63C0F14B7 /* Pods-Project 04 - Tip Calculator.debug.xcconfig */;
			buildSettings = {
				ASSETCATALOG_COMPILER_APPICON_NAME = AppIcon;
				DEVELOPMENT_TEAM = 8CJPZVXX3U;
				INFOPLIST_FILE = "Project 04 - Tip Calculator/Info.plist";
				LD_RUNPATH_SEARCH_PATHS = "$(inherited) @executable_path/Frameworks";
				PRODUCT_BUNDLE_IDENTIFIER = "Haixiao.Project-04---Tip-Calculator";
				PRODUCT_NAME = "$(TARGET_NAME)";
				SWIFT_VERSION = 3.0;
			};
			name = Debug;
		};
		AFADA1881EE9690D0089D7F3 /* Release */ = {
			isa = XCBuildConfiguration;
			baseConfigurationReference = 7CFDB9D508C00E42029AB99C /* Pods-Project 04 - Tip Calculator.release.xcconfig */;
			buildSettings = {
				ASSETCATALOG_COMPILER_APPICON_NAME = AppIcon;
				DEVELOPMENT_TEAM = 8CJPZVXX3U;
				INFOPLIST_FILE = "Project 04 - Tip Calculator/Info.plist";
				LD_RUNPATH_SEARCH_PATHS = "$(inherited) @executable_path/Frameworks";
				PRODUCT_BUNDLE_IDENTIFIER = "Haixiao.Project-04---Tip-Calculator";
				PRODUCT_NAME = "$(TARGET_NAME)";
				SWIFT_VERSION = 3.0;
			};
			name = Release;
		};
/* End XCBuildConfiguration section */

/* Begin XCConfigurationList section */
		AFADA16F1EE9690D0089D7F3 /* Build configuration list for PBXProject "Project 04 - Tip Calculator" */ = {
			isa = XCConfigurationList;
			buildConfigurations = (
				AFADA1841EE9690D0089D7F3 /* Debug */,
				AFADA1851EE9690D0089D7F3 /* Release */,
			);
			defaultConfigurationIsVisible = 0;
			defaultConfigurationName = Release;
		};
		AFADA1861EE9690D0089D7F3 /* Build configuration list for PBXNativeTarget "Project 04 - Tip Calculator" */ = {
			isa = XCConfigurationList;
			buildConfigurations = (
				AFADA1871EE9690D0089D7F3 /* Debug */,
				AFADA1881EE9690D0089D7F3 /* Release */,
			);
			defaultConfigurationIsVisible = 0;
		};
/* End XCConfigurationList section */
	};
	rootObject = AFADA16C1EE9690C0089D7F3 /* Project object */;
}
