PODS:
  - RxCocoa (3.4.0):
    - RxSwift (~> 3.4)
  - RxSwift (3.4.0)
  - SnapKit (3.2.0)

DEPENDENCIES:
  - RxCocoa
  - RxSwift
  - SnapKit

SPEC CHECKSUMS:
  RxCocoa: d14ef6b6029e1ddc6e966508c09289090de68ff9
  RxSwift: 3789a1af753002a14edecdb698a2424624296a9c
  SnapKit: 1ca44df72cfa543218d177cb8aab029d10d86ea7

PODFILE CHECKSUM: 93342fa1d67b851474711f492e8c293c302caaf3

COCOAPODS: 1.1.0.rc.3
